
Microsoft Visual Studio Solution File, Format Version 12.00
# Visual Studio Version 16
VisualStudioVersion = 16.0.30001.183
MinimumVisualStudioVersion = 10.0.40219.1
Project("{FAE04EC0-301F-11D3-BF4B-00C04F79EFBC}") = "BlazorApp1.Server", "BlazorApp1\Server\BlazorApp1.Server.csproj", "{14002F21-B156-4051-BD49-B1B552ED0880}"
EndProject
Project("{FAE04EC0-301F-11D3-BF4B-00C04F79EFBC}") = "BlazorApp1.Client", "BlazorApp1\Client\BlazorApp1.Client.csproj", "{39C9B9DD-2747-458B-BF14-0671230B0D0F}"
EndProject
Project("{FAE04EC0-301F-11D3-BF4B-00C04F79EFBC}") = "BlazorApp1.Shared", "BlazorApp1\Shared\BlazorApp1.Shared.csproj", "{9F2111CA-E7C8-4810-8F98-1A4A5C2850EC}"
EndProject
Global
	GlobalSection(SolutionConfigurationPlatforms) = preSolution
		Debug|Any CPU = Debug|Any CPU
		Release|Any CPU = Release|Any CPU
	EndGlobalSection
	GlobalSection(ProjectConfigurationPlatforms) = postSolution
		{14002F21-B156-4051-BD49-B1B552ED0880}.Debug|Any CPU.ActiveCfg = Debug|Any CPU
		{14002F21-B156-4051-BD49-B1B552ED0880}.Debug|Any CPU.Build.0 = Debug|Any CPU
		{14002F21-B156-4051-BD49-B1B552ED0880}.Release|Any CPU.ActiveCfg = Release|Any CPU
		{14002F21-B156-4051-BD49-B1B552ED0880}.Release|Any CPU.Build.0 = Release|Any CPU
		{39C9B9DD-2747-458B-BF14-0671230B0D0F}.Debug|Any CPU.ActiveCfg = Debug|Any CPU
		{39C9B9DD-2747-458B-BF14-0671230B0D0F}.Debug|Any CPU.Build.0 = Debug|Any CPU
		{39C9B9DD-2747-458B-BF14-0671230B0D0F}.Release|Any CPU.ActiveCfg = Release|Any CPU
		{39C9B9DD-2747-458B-BF14-0671230B0D0F}.Release|Any CPU.Build.0 = Release|Any CPU
		{9F2111CA-E7C8-4810-8F98-1A4A5C2850EC}.Debug|Any CPU.ActiveCfg = Debug|Any CPU
		{9F2111CA-E7C8-4810-8F98-1A4A5C2850EC}.Debug|Any CPU.Build.0 = Debug|Any CPU
		{9F2111CA-E7C8-4810-8F98-1A4A5C2850EC}.Release|Any CPU.ActiveCfg = Release|Any CPU
		{9F2111CA-E7C8-4810-8F98-1A4A5C2850EC}.Release|Any CPU.Build.0 = Release|Any CPU
	EndGlobalSection
	GlobalSection(SolutionProperties) = preSolution
		HideSolutionNode = FALSE
	EndGlobalSection
	GlobalSection(ExtensibilityGlobals) = postSolution
		SolutionGuid = {7370D4E7-FE54-4619-8AB6-62FBA43A7EFC}
	EndGlobalSection
EndGlobal
